
Microsoft Visual Studio Solution File, Format Version 12.00
# Visual Studio Version 17
VisualStudioVersion = 17.8.34322.80
MinimumVisualStudioVersion = 10.0.40219.1
Project("{9A19103F-16F7-4668-BE54-9A1E7A4F7556}") = "AdventOfCode", "Runner\AdventOfCode.csproj", "{072C079B-C3B3-4A99-9DFC-255C3A69618C}"
EndProject
Project("{9A19103F-16F7-4668-BE54-9A1E7A4F7556}") = "Util", "Util\Util.csproj", "{A989955E-25BD-4597-96B8-1D4AAA49FBAF}"
EndProject
Project("{9A19103F-16F7-4668-BE54-9A1E7A4F7556}") = "Data", "..\Data\Data.csproj", "{43BC7357-5B89-468D-94AF-AB4811C782CB}"
EndProject
Project("{9A19103F-16F7-4668-BE54-9A1E7A4F7556}") = "AdventOfCode2021", "2021\AdventOfCode2021.csproj", "{8A2F1CCC-DF57-451B-BABB-0DCB303597DF}"
EndProject
Project("{9A19103F-16F7-4668-BE54-9A1E7A4F7556}") = "AdventOfCode2022", "2022\AdventOfCode2022.csproj", "{6F61685C-6B81-4FCF-AA7E-0849CE3417A8}"
EndProject
Project("{9A19103F-16F7-4668-BE54-9A1E7A4F7556}") = "AdventOfCode2023", "2023\AdventOfCode2023.csproj", "{AB4A2007-7EB9-4D01-A7C9-133A75D7F100}"
EndProject
Project("{9A19103F-16F7-4668-BE54-9A1E7A4F7556}") = "AdventOfCode2024", "2024\AdventOfCode2024.csproj", "{C079398B-1F07-4BFE-90F8-148EB9DBB454}"
EndProject
Project("{FAE04EC0-301F-11D3-BF4B-00C04F79EFBC}") = "AdventOfCode2025", "2025\AdventOfCode2025.csproj", "{95DA3F7F-840B-17CD-078C-99B182855977}"
EndProject
Global
	GlobalSection(SolutionConfigurationPlatforms) = preSolution
		Debug|Any CPU = Debug|Any CPU
		Release|Any CPU = Release|Any CPU
		Sample|Any CPU = Sample|Any CPU
	EndGlobalSection
	GlobalSection(ProjectConfigurationPlatforms) = postSolution
		{072C079B-C3B3-4A99-9DFC-255C3A69618C}.Debug|Any CPU.ActiveCfg = Debug|Any CPU
		{072C079B-C3B3-4A99-9DFC-255C3A69618C}.Debug|Any CPU.Build.0 = Debug|Any CPU
		{072C079B-C3B3-4A99-9DFC-255C3A69618C}.Release|Any CPU.ActiveCfg = Release|Any CPU
		{072C079B-C3B3-4A99-9DFC-255C3A69618C}.Release|Any CPU.Build.0 = Release|Any CPU
		{072C079B-C3B3-4A99-9DFC-255C3A69618C}.Sample|Any CPU.ActiveCfg = Sample|Any CPU
		{072C079B-C3B3-4A99-9DFC-255C3A69618C}.Sample|Any CPU.Build.0 = Sample|Any CPU
		{A989955E-25BD-4597-96B8-1D4AAA49FBAF}.Debug|Any CPU.ActiveCfg = Debug|Any CPU
		{A989955E-25BD-4597-96B8-1D4AAA49FBAF}.Debug|Any CPU.Build.0 = Debug|Any CPU
		{A989955E-25BD-4597-96B8-1D4AAA49FBAF}.Release|Any CPU.ActiveCfg = Release|Any CPU
		{A989955E-25BD-4597-96B8-1D4AAA49FBAF}.Release|Any CPU.Build.0 = Release|Any CPU
		{A989955E-25BD-4597-96B8-1D4AAA49FBAF}.Sample|Any CPU.ActiveCfg = Sample|Any CPU
		{A989955E-25BD-4597-96B8-1D4AAA49FBAF}.Sample|Any CPU.Build.0 = Sample|Any CPU
		{43BC7357-5B89-468D-94AF-AB4811C782CB}.Debug|Any CPU.ActiveCfg = Debug|Any CPU
		{43BC7357-5B89-468D-94AF-AB4811C782CB}.Debug|Any CPU.Build.0 = Debug|Any CPU
		{43BC7357-5B89-468D-94AF-AB4811C782CB}.Release|Any CPU.ActiveCfg = Release|Any CPU
		{43BC7357-5B89-468D-94AF-AB4811C782CB}.Release|Any CPU.Build.0 = Release|Any CPU
		{43BC7357-5B89-468D-94AF-AB4811C782CB}.Sample|Any CPU.ActiveCfg = Sample|Any CPU
		{43BC7357-5B89-468D-94AF-AB4811C782CB}.Sample|Any CPU.Build.0 = Sample|Any CPU
		{8A2F1CCC-DF57-451B-BABB-0DCB303597DF}.Debug|Any CPU.ActiveCfg = Debug|Any CPU
		{8A2F1CCC-DF57-451B-BABB-0DCB303597DF}.Debug|Any CPU.Build.0 = Debug|Any CPU
		{8A2F1CCC-DF57-451B-BABB-0DCB303597DF}.Release|Any CPU.ActiveCfg = Release|Any CPU
		{8A2F1CCC-DF57-451B-BABB-0DCB303597DF}.Release|Any CPU.Build.0 = Release|Any CPU
		{8A2F1CCC-DF57-451B-BABB-0DCB303597DF}.Sample|Any CPU.ActiveCfg = Sample|Any CPU
		{8A2F1CCC-DF57-451B-BABB-0DCB303597DF}.Sample|Any CPU.Build.0 = Sample|Any CPU
		{6F61685C-6B81-4FCF-AA7E-0849CE3417A8}.Debug|Any CPU.ActiveCfg = Debug|Any CPU
		{6F61685C-6B81-4FCF-AA7E-0849CE3417A8}.Debug|Any CPU.Build.0 = Debug|Any CPU
		{6F61685C-6B81-4FCF-AA7E-0849CE3417A8}.Release|Any CPU.ActiveCfg = Release|Any CPU
		{6F61685C-6B81-4FCF-AA7E-0849CE3417A8}.Release|Any CPU.Build.0 = Release|Any CPU
		{6F61685C-6B81-4FCF-AA7E-0849CE3417A8}.Sample|Any CPU.ActiveCfg = Sample|Any CPU
		{6F61685C-6B81-4FCF-AA7E-0849CE3417A8}.Sample|Any CPU.Build.0 = Sample|Any CPU
		{AB4A2007-7EB9-4D01-A7C9-133A75D7F100}.Debug|Any CPU.ActiveCfg = Debug|Any CPU
		{AB4A2007-7EB9-4D01-A7C9-133A75D7F100}.Debug|Any CPU.Build.0 = Debug|Any CPU
		{AB4A2007-7EB9-4D01-A7C9-133A75D7F100}.Release|Any CPU.ActiveCfg = Release|Any CPU
		{AB4A2007-7EB9-4D01-A7C9-133A75D7F100}.Release|Any CPU.Build.0 = Release|Any CPU
		{AB4A2007-7EB9-4D01-A7C9-133A75D7F100}.Sample|Any CPU.ActiveCfg = Sample|Any CPU
		{AB4A2007-7EB9-4D01-A7C9-133A75D7F100}.Sample|Any CPU.Build.0 = Sample|Any CPU
		{C079398B-1F07-4BFE-90F8-148EB9DBB454}.Debug|Any CPU.ActiveCfg = Debug|Any CPU
		{C079398B-1F07-4BFE-90F8-148EB9DBB454}.Debug|Any CPU.Build.0 = Debug|Any CPU
		{C079398B-1F07-4BFE-90F8-148EB9DBB454}.Release|Any CPU.ActiveCfg = Release|Any CPU
		{C079398B-1F07-4BFE-90F8-148EB9DBB454}.Release|Any CPU.Build.0 = Release|Any CPU
		{C079398B-1F07-4BFE-90F8-148EB9DBB454}.Sample|Any CPU.ActiveCfg = Sample|Any CPU
		{C079398B-1F07-4BFE-90F8-148EB9DBB454}.Sample|Any CPU.Build.0 = Sample|Any CPU
		{95DA3F7F-840B-17CD-078C-99B182855977}.Debug|Any CPU.ActiveCfg = Debug|Any CPU
		{95DA3F7F-840B-17CD-078C-99B182855977}.Debug|Any CPU.Build.0 = Debug|Any CPU
		{95DA3F7F-840B-17CD-078C-99B182855977}.Release|Any CPU.ActiveCfg = Release|Any CPU
		{95DA3F7F-840B-17CD-078C-99B182855977}.Release|Any CPU.Build.0 = Release|Any CPU
		{95DA3F7F-840B-17CD-078C-99B182855977}.Sample|Any CPU.ActiveCfg = Sample|Any CPU
		{95DA3F7F-840B-17CD-078C-99B182855977}.Sample|Any CPU.Build.0 = Sample|Any CPU
	EndGlobalSection
	GlobalSection(SolutionProperties) = preSolution
		HideSolutionNode = FALSE
	EndGlobalSection
	GlobalSection(ExtensibilityGlobals) = postSolution
		SolutionGuid = {378A3799-C51A-42E8-9A40-55C2A2AF13E8}
	EndGlobalSection
EndGlobal
